
Microsoft Visual Studio Solution File, Format Version 12.00
# Visual Studio Version 17
VisualStudioVersion = 17.2.32519.379
MinimumVisualStudioVersion = 10.0.40219.1
Project("{9A19103F-16F7-4668-BE54-9A1E7A4F7556}") = "Calculator", "Calculator\Calculator.csproj", "{278085D0-C418-44B8-9888-FA6B24CC3649}"
EndProject
Project("{FAE04EC0-301F-11D3-BF4B-00C04F79EFBC}") = "Calculator.Tests", "Calculator.Tests\Calculator.Tests.csproj", "{A0340E35-8C3A-4A26-8296-DC1D34A6E3D6}"
EndProject
Global
	GlobalSection(SolutionConfigurationPlatforms) = preSolution
		Debug|Any CPU = Debug|Any CPU
		Release|Any CPU = Release|Any CPU
	EndGlobalSection
	GlobalSection(ProjectConfigurationPlatforms) = postSolution
		{278085D0-C418-44B8-9888-FA6B24CC3649}.Debug|Any CPU.ActiveCfg = Debug|Any CPU
		{278085D0-C418-44B8-9888-FA6B24CC3649}.Debug|Any CPU.Build.0 = Debug|Any CPU
		{278085D0-C418-44B8-9888-FA6B24CC3649}.Release|Any CPU.ActiveCfg = Release|Any CPU
		{278085D0-C418-44B8-9888-FA6B24CC3649}.Release|Any CPU.Build.0 = Release|Any CPU
		{A0340E35-8C3A-4A26-8296-DC1D34A6E3D6}.Debug|Any CPU.ActiveCfg = Debug|Any CPU
		{A0340E35-8C3A-4A26-8296-DC1D34A6E3D6}.Debug|Any CPU.Build.0 = Debug|Any CPU
		{A0340E35-8C3A-4A26-8296-DC1D34A6E3D6}.Release|Any CPU.ActiveCfg = Release|Any CPU
		{A0340E35-8C3A-4A26-8296-DC1D34A6E3D6}.Release|Any CPU.Build.0 = Release|Any CPU
	EndGlobalSection
	GlobalSection(SolutionProperties) = preSolution
		HideSolutionNode = FALSE
	EndGlobalSection
	GlobalSection(ExtensibilityGlobals) = postSolution
		SolutionGuid = {0BDAA474-47FD-4BF0-A963-255C94BB2BCF}
	EndGlobalSection
EndGlobal
